// !$*UTF8*$!
{
	archiveVersion = 1;
	classes = {
	};
	objectVersion = 56;
	objects = {

/* Begin PBXBuildFile section */
		F4497D3E2A877E7B00F248D6 /* NavigationStackApp.swift in Sources */ = {isa = PBXBuildFile; fileRef = F4497D3D2A877E7B00F248D6 /* NavigationStackApp.swift */; };
		F4497D402A877E7B00F248D6 /* ContentView.swift in Sources */ = {isa = PBXBuildFile; fileRef = F4497D3F2A877E7B00F248D6 /* ContentView.swift */; };
		F4497D422A877E7B00F248D6 /* Assets.xcassets in Resources */ = {isa = PBXBuildFile; fileRef = F4497D412A877E7B00F248D6 /* Assets.xcassets */; };
		F4497D462A877E7B00F248D6 /* Preview Assets.xcassets in Resources */ = {isa = PBXBuildFile; fileRef = F4497D452A877E7B00F248D6 /* Preview Assets.xcassets */; };
		F4497D502A877E7B00F248D6 /* NavigationStackTests.swift in Sources */ = {isa = PBXBuildFile; fileRef = F4497D4F2A877E7B00F248D6 /* NavigationStackTests.swift */; };
		F4497D5A2A877E7B00F248D6 /* NavigationStackUITests.swift in Sources */ = {isa = PBXBuildFile; fileRef = F4497D592A877E7B00F248D6 /* NavigationStackUITests.swift */; };
		F4497D5C2A877E7B00F248D6 /* NavigationStackUITestsLaunchTests.swift in Sources */ = {isa = PBXBuildFile; fileRef = F4497D5B2A877E7B00F248D6 /* NavigationStackUITestsLaunchTests.swift */; };
		F4D5A6FD2A8BB86A00A61FC2 /* AView.swift in Sources */ = {isa = PBXBuildFile; fileRef = F4D5A6FC2A8BB86A00A61FC2 /* AView.swift */; };
		F4D5A6FF2A8BB87700A61FC2 /* BView.swift in Sources */ = {isa = PBXBuildFile; fileRef = F4D5A6FE2A8BB87700A61FC2 /* BView.swift */; };
		F4D5A7012A8BB88200A61FC2 /* CView.swift in Sources */ = {isa = PBXBuildFile; fileRef = F4D5A7002A8BB88200A61FC2 /* CView.swift */; };
		F4D5A7032A8BB88D00A61FC2 /* DView.swift in Sources */ = {isa = PBXBuildFile; fileRef = F4D5A7022A8BB88D00A61FC2 /* DView.swift */; };
/* End PBXBuildFile section */

/* Begin PBXContainerItemProxy section */
		F4497D4C2A877E7B00F248D6 /* PBXContainerItemProxy */ = {
			isa = PBXContainerItemProxy;
			containerPortal = F4497D322A877E7A00F248D6 /* Project object */;
			proxyType = 1;
			remoteGlobalIDString = F4497D392A877E7A00F248D6;
			remoteInfo = NavigationStack;
		};
		F4497D562A877E7B00F248D6 /* PBXContainerItemProxy */ = {
			isa = PBXContainerItemProxy;
			containerPortal = F4497D322A877E7A00F248D6 /* Project object */;
			proxyType = 1;
			remoteGlobalIDString = F4497D392A877E7A00F248D6;
			remoteInfo = NavigationStack;
		};
/* End PBXContainerItemProxy section */

/* Begin PBXFileReference section */
		F4497D3A2A877E7B00F248D6 /* NavigationStack.app */ = {isa = PBXFileReference; explicitFileType = wrapper.application; includeInIndex = 0; path = NavigationStack.app; sourceTree = BUILT_PRODUCTS_DIR; };
		F4497D3D2A877E7B00F248D6 /* NavigationStackApp.swift */ = {isa = PBXFileReference; lastKnownFileType = sourcecode.swift; path = NavigationStackApp.swift; sourceTree = "<group>"; };
		F4497D3F2A877E7B00F248D6 /* ContentView.swift */ = {isa = PBXFileReference; lastKnownFileType = sourcecode.swift; path = ContentView.swift; sourceTree = "<group>"; };
		F4497D412A877E7B00F248D6 /* Assets.xcassets */ = {isa = PBXFileReference; lastKnownFileType = folder.assetcatalog; path = Assets.xcassets; sourceTree = "<group>"; };
		F4497D432A877E7B00F248D6 /* NavigationStack.entitlements */ = {isa = PBXFileReference; lastKnownFileType = text.plist.entitlements; path = NavigationStack.entitlements; sourceTree = "<group>"; };
		F4497D452A877E7B00F248D6 /* Preview Assets.xcassets */ = {isa = PBXFileReference; lastKnownFileType = folder.assetcatalog; path = "Preview Assets.xcassets"; sourceTree = "<group>"; };
		F4497D4B2A877E7B00F248D6 /* NavigationStackTests.xctest */ = {isa = PBXFileReference; explicitFileType = wrapper.cfbundle; includeInIndex = 0; path = NavigationStackTests.xctest; sourceTree = BUILT_PRODUCTS_DIR; };
		F4497D4F2A877E7B00F248D6 /* NavigationStackTests.swift */ = {isa = PBXFileReference; lastKnownFileType = sourcecode.swift; path = NavigationStackTests.swift; sourceTree = "<group>"; };
		F4497D552A877E7B00F248D6 /* NavigationStackUITests.xctest */ = {isa = PBXFileReference; explicitFileType = wrapper.cfbundle; includeInIndex = 0; path = NavigationStackUITests.xctest; sourceTree = BUILT_PRODUCTS_DIR; };
		F4497D592A877E7B00F248D6 /* NavigationStackUITests.swift */ = {isa = PBXFileReference; lastKnownFileType = sourcecode.swift; path = NavigationStackUITests.swift; sourceTree = "<group>"; };
		F4497D5B2A877E7B00F248D6 /* NavigationStackUITestsLaunchTests.swift */ = {isa = PBXFileReference; lastKnownFileType = sourcecode.swift; path = NavigationStackUITestsLaunchTests.swift; sourceTree = "<group>"; };
		F4D5A6FC2A8BB86A00A61FC2 /* AView.swift */ = {isa = PBXFileReference; lastKnownFileType = sourcecode.swift; path = AView.swift; sourceTree = "<group>"; };
		F4D5A6FE2A8BB87700A61FC2 /* BView.swift */ = {isa = PBXFileReference; lastKnownFileType = sourcecode.swift; path = BView.swift; sourceTree = "<group>"; };
		F4D5A7002A8BB88200A61FC2 /* CView.swift */ = {isa = PBXFileReference; lastKnownFileType = sourcecode.swift; path = CView.swift; sourceTree = "<group>"; };
		F4D5A7022A8BB88D00A61FC2 /* DView.swift */ = {isa = PBXFileReference; lastKnownFileType = sourcecode.swift; path = DView.swift; sourceTree = "<group>"; };
/* End PBXFileReference section */

/* Begin PBXFrameworksBuildPhase section */
		F4497D372A877E7A00F248D6 /* Frameworks */ = {
			isa = PBXFrameworksBuildPhase;
			buildActionMask = 2147483647;
			files = (
			);
			runOnlyForDeploymentPostprocessing = 0;
		};
		F4497D482A877E7B00F248D6 /* Frameworks */ = {
			isa = PBXFrameworksBuildPhase;
			buildActionMask = 2147483647;
			files = (
			);
			runOnlyForDeploymentPostprocessing = 0;
		};
		F4497D522A877E7B00F248D6 /* Frameworks */ = {
			isa = PBXFrameworksBuildPhase;
			buildActionMask = 2147483647;
			files = (
			);
			runOnlyForDeploymentPostprocessing = 0;
		};
/* End PBXFrameworksBuildPhase section */

/* Begin PBXGroup section */
		F4497D312A877E7A00F248D6 = {
			isa = PBXGroup;
			children = (
				F4497D3C2A877E7B00F248D6 /* NavigationStack */,
				F4497D4E2A877E7B00F248D6 /* NavigationStackTests */,
				F4497D582A877E7B00F248D6 /* NavigationStackUITests */,
				F4497D3B2A877E7B00F248D6 /* Products */,
			);
			sourceTree = "<group>";
		};
		F4497D3B2A877E7B00F248D6 /* Products */ = {
			isa = PBXGroup;
			children = (
				F4497D3A2A877E7B00F248D6 /* NavigationStack.app */,
				F4497D4B2A877E7B00F248D6 /* NavigationStackTests.xctest */,
				F4497D552A877E7B00F248D6 /* NavigationStackUITests.xctest */,
			);
			name = Products;
			sourceTree = "<group>";
		};
		F4497D3C2A877E7B00F248D6 /* NavigationStack */ = {
			isa = PBXGroup;
			children = (
				F4497D3D2A877E7B00F248D6 /* NavigationStackApp.swift */,
				F4497D3F2A877E7B00F248D6 /* ContentView.swift */,
				F4497D412A877E7B00F248D6 /* Assets.xcassets */,
				F4497D432A877E7B00F248D6 /* NavigationStack.entitlements */,
				F4497D442A877E7B00F248D6 /* Preview Content */,
				F4D5A6FC2A8BB86A00A61FC2 /* AView.swift */,
				F4D5A6FE2A8BB87700A61FC2 /* BView.swift */,
				F4D5A7002A8BB88200A61FC2 /* CView.swift */,
				F4D5A7022A8BB88D00A61FC2 /* DView.swift */,
			);
			path = NavigationStack;
			sourceTree = "<group>";
		};
		F4497D442A877E7B00F248D6 /* Preview Content */ = {
			isa = PBXGroup;
			children = (
				F4497D452A877E7B00F248D6 /* Preview Assets.xcassets */,
			);
			path = "Preview Content";
			sourceTree = "<group>";
		};
		F4497D4E2A877E7B00F248D6 /* NavigationStackTests */ = {
			isa = PBXGroup;
			children = (
				F4497D4F2A877E7B00F248D6 /* NavigationStackTests.swift */,
			);
			path = NavigationStackTests;
			sourceTree = "<group>";
		};
		F4497D582A877E7B00F248D6 /* NavigationStackUITests */ = {
			isa = PBXGroup;
			children = (
				F4497D592A877E7B00F248D6 /* NavigationStackUITests.swift */,
				F4497D5B2A877E7B00F248D6 /* NavigationStackUITestsLaunchTests.swift */,
			);
			path = NavigationStackUITests;
			sourceTree = "<group>";
		};
/* End PBXGroup section */

/* Begin PBXNativeTarget section */
		F4497D392A877E7A00F248D6 /* NavigationStack */ = {
			isa = PBXNativeTarget;
			buildConfigurationList = F4497D5F2A877E7B00F248D6 /* Build configuration list for PBXNativeTarget "NavigationStack" */;
			buildPhases = (
				F4497D362A877E7A00F248D6 /* Sources */,
				F4497D372A877E7A00F248D6 /* Frameworks */,
				F4497D382A877E7A00F248D6 /* Resources */,
			);
			buildRules = (
			);
			dependencies = (
			);
			name = NavigationStack;
			productName = NavigationStack;
			productReference = F4497D3A2A877E7B00F248D6 /* NavigationStack.app */;
			productType = "com.apple.product-type.application";
		};
		F4497D4A2A877E7B00F248D6 /* NavigationStackTests */ = {
			isa = PBXNativeTarget;
			buildConfigurationList = F4497D622A877E7B00F248D6 /* Build configuration list for PBXNativeTarget "NavigationStackTests" */;
			buildPhases = (
				F4497D472A877E7B00F248D6 /* Sources */,
				F4497D482A877E7B00F248D6 /* Frameworks */,
				F4497D492A877E7B00F248D6 /* Resources */,
			);
			buildRules = (
			);
			dependencies = (
				F4497D4D2A877E7B00F248D6 /* PBXTargetDependency */,
			);
			name = NavigationStackTests;
			productName = NavigationStackTests;
			productReference = F4497D4B2A877E7B00F248D6 /* NavigationStackTests.xctest */;
			productType = "com.apple.product-type.bundle.unit-test";
		};
		F4497D542A877E7B00F248D6 /* NavigationStackUITests */ = {
			isa = PBXNativeTarget;
			buildConfigurationList = F4497D652A877E7B00F248D6 /* Build configuration list for PBXNativeTarget "NavigationStackUITests" */;
			buildPhases = (
				F4497D512A877E7B00F248D6 /* Sources */,
				F4497D522A877E7B00F248D6 /* Frameworks */,
				F4497D532A877E7B00F248D6 /* Resources */,
			);
			buildRules = (
			);
			dependencies = (
				F4497D572A877E7B00F248D6 /* PBXTargetDependency */,
			);
			name = NavigationStackUITests;
			productName = NavigationStackUITests;
			productReference = F4497D552A877E7B00F248D6 /* NavigationStackUITests.xctest */;
			productType = "com.apple.product-type.bundle.ui-testing";
		};
/* End PBXNativeTarget section */

/* Begin PBXProject section */
		F4497D322A877E7A00F248D6 /* Project object */ = {
			isa = PBXProject;
			attributes = {
				BuildIndependentTargetsInParallel = 1;
				LastSwiftUpdateCheck = 1430;
				LastUpgradeCheck = 1430;
				TargetAttributes = {
					F4497D392A877E7A00F248D6 = {
						CreatedOnToolsVersion = 14.3.1;
					};
					F4497D4A2A877E7B00F248D6 = {
						CreatedOnToolsVersion = 14.3.1;
						TestTargetID = F4497D392A877E7A00F248D6;
					};
					F4497D542A877E7B00F248D6 = {
						CreatedOnToolsVersion = 14.3.1;
						TestTargetID = F4497D392A877E7A00F248D6;
					};
				};
			};
			buildConfigurationList = F4497D352A877E7A00F248D6 /* Build configuration list for PBXProject "NavigationStack" */;
			compatibilityVersion = "Xcode 14.0";
			developmentRegion = en;
			hasScannedForEncodings = 0;
			knownRegions = (
				en,
				Base,
			);
			mainGroup = F4497D312A877E7A00F248D6;
			productRefGroup = F4497D3B2A877E7B00F248D6 /* Products */;
			projectDirPath = "";
			projectRoot = "";
			targets = (
				F4497D392A877E7A00F248D6 /* NavigationStack */,
				F4497D4A2A877E7B00F248D6 /* NavigationStackTests */,
				F4497D542A877E7B00F248D6 /* NavigationStackUITests */,
			);
		};
/* End PBXProject section */

/* Begin PBXResourcesBuildPhase section */
		F4497D382A877E7A00F248D6 /* Resources */ = {
			isa = PBXResourcesBuildPhase;
			buildActionMask = 2147483647;
			files = (
				F4497D462A877E7B00F248D6 /* Preview Assets.xcassets in Resources */,
				F4497D422A877E7B00F248D6 /* Assets.xcassets in Resources */,
			);
			runOnlyForDeploymentPostprocessing = 0;
		};
		F4497D492A877E7B00F248D6 /* Resources */ = {
			isa = PBXResourcesBuildPhase;
			buildActionMask = 2147483647;
			files = (
			);
			runOnlyForDeploymentPostprocessing = 0;
		};
		F4497D532A877E7B00F248D6 /* Resources */ = {
			isa = PBXResourcesBuildPhase;
			buildActionMask = 2147483647;
			files = (
			);
			runOnlyForDeploymentPostprocessing = 0;
		};
/* End PBXResourcesBuildPhase section */

/* Begin PBXSourcesBuildPhase section */
		F4497D362A877E7A00F248D6 /* Sources */ = {
			isa = PBXSourcesBuildPhase;
			buildActionMask = 2147483647;
			files = (
				F4D5A6FD2A8BB86A00A61FC2 /* AView.swift in Sources */,
				F4497D402A877E7B00F248D6 /* ContentView.swift in Sources */,
				F4497D3E2A877E7B00F248D6 /* NavigationStackApp.swift in Sources */,
				F4D5A7012A8BB88200A61FC2 /* CView.swift in Sources */,
				F4D5A6FF2A8BB87700A61FC2 /* BView.swift in Sources */,
				F4D5A7032A8BB88D00A61FC2 /* DView.swift in Sources */,
			);
			runOnlyForDeploymentPostprocessing = 0;
		};
		F4497D472A877E7B00F248D6 /* Sources */ = {
			isa = PBXSourcesBuildPhase;
			buildActionMask = 2147483647;
			files = (
				F4497D502A877E7B00F248D6 /* NavigationStackTests.swift in Sources */,
			);
			runOnlyForDeploymentPostprocessing = 0;
		};
		F4497D512A877E7B00F248D6 /* Sources */ = {
			isa = PBXSourcesBuildPhase;
			buildActionMask = 2147483647;
			files = (
				F4497D5A2A877E7B00F248D6 /* NavigationStackUITests.swift in Sources */,
				F4497D5C2A877E7B00F248D6 /* NavigationStackUITestsLaunchTests.swift in Sources */,
			);
			runOnlyForDeploymentPostprocessing = 0;
		};
/* End PBXSourcesBuildPhase section */

/* Begin PBXTargetDependency section */
		F4497D4D2A877E7B00F248D6 /* PBXTargetDependency */ = {
			isa = PBXTargetDependency;
			target = F4497D392A877E7A00F248D6 /* NavigationStack */;
			targetProxy = F4497D4C2A877E7B00F248D6 /* PBXContainerItemProxy */;
		};
		F4497D572A877E7B00F248D6 /* PBXTargetDependency */ = {
			isa = PBXTargetDependency;
			target = F4497D392A877E7A00F248D6 /* NavigationStack */;
			targetProxy = F4497D562A877E7B00F248D6 /* PBXContainerItemProxy */;
		};
/* End PBXTargetDependency section */

/* Begin XCBuildConfiguration section */
		F4497D5D2A877E7B00F248D6 /* Debug */ = {
			isa = XCBuildConfiguration;
			buildSettings = {
				ALWAYS_SEARCH_USER_PATHS = NO;
				CLANG_ANALYZER_NONNULL = YES;
				CLANG_ANALYZER_NUMBER_OBJECT_CONVERSION = YES_AGGRESSIVE;
				CLANG_CXX_LANGUAGE_STANDARD = "gnu++20";
				CLANG_ENABLE_MODULES = YES;
				CLANG_ENABLE_OBJC_ARC = YES;
				CLANG_ENABLE_OBJC_WEAK = YES;
				CLANG_WARN_BLOCK_CAPTURE_AUTORELEASING = YES;
				CLANG_WARN_BOOL_CONVERSION = YES;
				CLANG_WARN_COMMA = YES;
				CLANG_WARN_CONSTANT_CONVERSION = YES;
				CLANG_WARN_DEPRECATED_OBJC_IMPLEMENTATIONS = YES;
				CLANG_WARN_DIRECT_OBJC_ISA_USAGE = YES_ERROR;
				CLANG_WARN_DOCUMENTATION_COMMENTS = YES;
				CLANG_WARN_EMPTY_BODY = YES;
				CLANG_WARN_ENUM_CONVERSION = YES;
				CLANG_WARN_INFINITE_RECURSION = YES;
				CLANG_WARN_INT_CONVERSION = YES;
				CLANG_WARN_NON_LITERAL_NULL_CONVERSION = YES;
				CLANG_WARN_OBJC_IMPLICIT_RETAIN_SELF = YES;
				CLANG_WARN_OBJC_LITERAL_CONVERSION = YES;
				CLANG_WARN_OBJC_ROOT_CLASS = YES_ERROR;
				CLANG_WARN_QUOTED_INCLUDE_IN_FRAMEWORK_HEADER = YES;
				CLANG_WARN_RANGE_LOOP_ANALYSIS = YES;
				CLANG_WARN_STRICT_PROTOTYPES = YES;
				CLANG_WARN_SUSPICIOUS_MOVE = YES;
				CLANG_WARN_UNGUARDED_AVAILABILITY = YES_AGGRESSIVE;
				CLANG_WARN_UNREACHABLE_CODE = YES;
				CLANG_WARN__DUPLICATE_METHOD_MATCH = YES;
				COPY_PHASE_STRIP = NO;
				DEBUG_INFORMATION_FORMAT = dwarf;
				ENABLE_STRICT_OBJC_MSGSEND = YES;
				ENABLE_TESTABILITY = YES;
				GCC_C_LANGUAGE_STANDARD = gnu11;
				GCC_DYNAMIC_NO_PIC = NO;
				GCC_NO_COMMON_BLOCKS = YES;
				GCC_OPTIMIZATION_LEVEL = 0;
				GCC_PREPROCESSOR_DEFINITIONS = (
					"DEBUG=1",
					"$(inherited)",
				);
				GCC_WARN_64_TO_32_BIT_CONVERSION = YES;
				GCC_WARN_ABOUT_RETURN_TYPE = YES_ERROR;
				GCC_WARN_UNDECLARED_SELECTOR = YES;
				GCC_WARN_UNINITIALIZED_AUTOS = YES_AGGRESSIVE;
				GCC_WARN_UNUSED_FUNCTION = YES;
				GCC_WARN_UNUSED_VARIABLE = YES;
				MTL_ENABLE_DEBUG_INFO = INCLUDE_SOURCE;
				MTL_FAST_MATH = YES;
				ONLY_ACTIVE_ARCH = YES;
				SWIFT_ACTIVE_COMPILATION_CONDITIONS = DEBUG;
				SWIFT_OPTIMIZATION_LEVEL = "-Onone";
			};
			name = Debug;
		};
		F4497D5E2A877E7B00F248D6 /* Release */ = {
			isa = XCBuildConfiguration;
			buildSettings = {
				ALWAYS_SEARCH_USER_PATHS = NO;
				CLANG_ANALYZER_NONNULL = YES;
				CLANG_ANALYZER_NUMBER_OBJECT_CONVERSION = YES_AGGRESSIVE;
				CLANG_CXX_LANGUAGE_STANDARD = "gnu++20";
				CLANG_ENABLE_MODULES = YES;
				CLANG_ENABLE_OBJC_ARC = YES;
				CLANG_ENABLE_OBJC_WEAK = YES;
				CLANG_WARN_BLOCK_CAPTURE_AUTORELEASING = YES;
				CLANG_WARN_BOOL_CONVERSION = YES;
				CLANG_WARN_COMMA = YES;
				CLANG_WARN_CONSTANT_CONVERSION = YES;
				CLANG_WARN_DEPRECATED_OBJC_IMPLEMENTATIONS = YES;
				CLANG_WARN_DIRECT_OBJC_ISA_USAGE = YES_ERROR;
				CLANG_WARN_DOCUMENTATION_COMMENTS = YES;
				CLANG_WARN_EMPTY_BODY = YES;
				CLANG_WARN_ENUM_CONVERSION = YES;
				CLANG_WARN_INFINITE_RECURSION = YES;
				CLANG_WARN_INT_CONVERSION = YES;
				CLANG_WARN_NON_LITERAL_NULL_CONVERSION = YES;
				CLANG_WARN_OBJC_IMPLICIT_RETAIN_SELF = YES;
				CLANG_WARN_OBJC_LITERAL_CONVERSION = YES;
				CLANG_WARN_OBJC_ROOT_CLASS = YES_ERROR;
				CLANG_WARN_QUOTED_INCLUDE_IN_FRAMEWORK_HEADER = YES;
				CLANG_WARN_RANGE_LOOP_ANALYSIS = YES;
				CLANG_WARN_STRICT_PROTOTYPES = YES;
				CLANG_WARN_SUSPICIOUS_MOVE = YES;
				CLANG_WARN_UNGUARDED_AVAILABILITY = YES_AGGRESSIVE;
				CLANG_WARN_UNREACHABLE_CODE = YES;
				CLANG_WARN__DUPLICATE_METHOD_MATCH = YES;
				COPY_PHASE_STRIP = NO;
				DEBUG_INFORMATION_FORMAT = "dwarf-with-dsym";
				ENABLE_NS_ASSERTIONS = NO;
				ENABLE_STRICT_OBJC_MSGSEND = YES;
				GCC_C_LANGUAGE_STANDARD = gnu11;
				GCC_NO_COMMON_BLOCKS = YES;
				GCC_WARN_64_TO_32_BIT_CONVERSION = YES;
				GCC_WARN_ABOUT_RETURN_TYPE = YES_ERROR;
				GCC_WARN_UNDECLARED_SELECTOR = YES;
				GCC_WARN_UNINITIALIZED_AUTOS = YES_AGGRESSIVE;
				GCC_WARN_UNUSED_FUNCTION = YES;
				GCC_WARN_UNUSED_VARIABLE = YES;
				MTL_ENABLE_DEBUG_INFO = NO;
				MTL_FAST_MATH = YES;
				SWIFT_COMPILATION_MODE = wholemodule;
				SWIFT_OPTIMIZATION_LEVEL = "-O";
			};
			name = Release;
		};
		F4497D602A877E7B00F248D6 /* Debug */ = {
			isa = XCBuildConfiguration;
			buildSettings = {
				ASSETCATALOG_COMPILER_APPICON_NAME = AppIcon;
				ASSETCATALOG_COMPILER_GLOBAL_ACCENT_COLOR_NAME = AccentColor;
				CODE_SIGN_ENTITLEMENTS = NavigationStack/NavigationStack.entitlements;
				CODE_SIGN_STYLE = Automatic;
				CURRENT_PROJECT_VERSION = 1;
				DEVELOPMENT_ASSET_PATHS = "\"NavigationStack/Preview Content\"";
				ENABLE_PREVIEWS = YES;
				GENERATE_INFOPLIST_FILE = YES;
				"INFOPLIST_KEY_UIApplicationSceneManifest_Generation[sdk=iphoneos*]" = YES;
				"INFOPLIST_KEY_UIApplicationSceneManifest_Generation[sdk=iphonesimulator*]" = YES;
				"INFOPLIST_KEY_UIApplicationSupportsIndirectInputEvents[sdk=iphoneos*]" = YES;
				"INFOPLIST_KEY_UIApplicationSupportsIndirectInputEvents[sdk=iphonesimulator*]" = YES;
				"INFOPLIST_KEY_UILaunchScreen_Generation[sdk=iphoneos*]" = YES;
				"INFOPLIST_KEY_UILaunchScreen_Generation[sdk=iphonesimulator*]" = YES;
				"INFOPLIST_KEY_UIStatusBarStyle[sdk=iphoneos*]" = UIStatusBarStyleDefault;
				"INFOPLIST_KEY_UIStatusBarStyle[sdk=iphonesimulator*]" = UIStatusBarStyleDefault;
				INFOPLIST_KEY_UISupportedInterfaceOrientations_iPad = "UIInterfaceOrientationPortrait UIInterfaceOrientationPortraitUpsideDown UIInterfaceOrientationLandscapeLeft UIInterfaceOrientationLandscapeRight";
				INFOPLIST_KEY_UISupportedInterfaceOrientations_iPhone = "UIInterfaceOrientationPortrait UIInterfaceOrientationLandscapeLeft UIInterfaceOrientationLandscapeRight";
				IPHONEOS_DEPLOYMENT_TARGET = 16.4;
				LD_RUNPATH_SEARCH_PATHS = "@executable_path/Frameworks";
				"LD_RUNPATH_SEARCH_PATHS[sdk=macosx*]" = "@executable_path/../Frameworks";
				MACOSX_DEPLOYMENT_TARGET = 13.3;
				MARKETING_VERSION = 1.0;
				PRODUCT_BUNDLE_IDENTIFIER = com.NavigationStack;
				PRODUCT_NAME = "$(TARGET_NAME)";
				SDKROOT = auto;
				SUPPORTED_PLATFORMS = "iphoneos iphonesimulator macosx";
				SWIFT_EMIT_LOC_STRINGS = YES;
				SWIFT_VERSION = 5.0;
				TARGETED_DEVICE_FAMILY = "1,2";
			};
			name = Debug;
		};
		F4497D612A877E7B00F248D6 /* Release */ = {
			isa = XCBuildConfiguration;
			buildSettings = {
				ASSETCATALOG_COMPILER_APPICON_NAME = AppIcon;
				ASSETCATALOG_COMPILER_GLOBAL_ACCENT_COLOR_NAME = AccentColor;
				CODE_SIGN_ENTITLEMENTS = NavigationStack/NavigationStack.entitlements;
				CODE_SIGN_STYLE = Automatic;
				CURRENT_PROJECT_VERSION = 1;
				DEVELOPMENT_ASSET_PATHS = "\"NavigationStack/Preview Content\"";
				ENABLE_PREVIEWS = YES;
				GENERATE_INFOPLIST_FILE = YES;
				"INFOPLIST_KEY_UIApplicationSceneManifest_Generation[sdk=iphoneos*]" = YES;
				"INFOPLIST_KEY_UIApplicationSceneManifest_Generation[sdk=iphonesimulator*]" = YES;
				"INFOPLIST_KEY_UIApplicationSupportsIndirectInputEvents[sdk=iphoneos*]" = YES;
				"INFOPLIST_KEY_UIApplicationSupportsIndirectInputEvents[sdk=iphonesimulator*]" = YES;
				"INFOPLIST_KEY_UILaunchScreen_Generation[sdk=iphoneos*]" = YES;
				"INFOPLIST_KEY_UILaunchScreen_Generation[sdk=iphonesimulator*]" = YES;
				"INFOPLIST_KEY_UIStatusBarStyle[sdk=iphoneos*]" = UIStatusBarStyleDefault;
				"INFOPLIST_KEY_UIStatusBarStyle[sdk=iphonesimulator*]" = UIStatusBarStyleDefault;
				INFOPLIST_KEY_UISupportedInterfaceOrientations_iPad = "UIInterfaceOrientationPortrait UIInterfaceOrientationPortraitUpsideDown UIInterfaceOrientationLandscapeLeft UIInterfaceOrientationLandscapeRight";
				INFOPLIST_KEY_UISupportedInterfaceOrientations_iPhone = "UIInterfaceOrientationPortrait UIInterfaceOrientationLandscapeLeft UIInterfaceOrientationLandscapeRight";
				IPHONEOS_DEPLOYMENT_TARGET = 16.4;
				LD_RUNPATH_SEARCH_PATHS = "@executable_path/Frameworks";
				"LD_RUNPATH_SEARCH_PATHS[sdk=macosx*]" = "@executable_path/../Frameworks";
				MACOSX_DEPLOYMENT_TARGET = 13.3;
				MARKETING_VERSION = 1.0;
				PRODUCT_BUNDLE_IDENTIFIER = com.NavigationStack;
				PRODUCT_NAME = "$(TARGET_NAME)";
				SDKROOT = auto;
				SUPPORTED_PLATFORMS = "iphoneos iphonesimulator macosx";
				SWIFT_EMIT_LOC_STRINGS = YES;
				SWIFT_VERSION = 5.0;
				TARGETED_DEVICE_FAMILY = "1,2";
			};
			name = Release;
		};
		F4497D632A877E7B00F248D6 /* Debug */ = {
			isa = XCBuildConfiguration;
			buildSettings = {
				ALWAYS_EMBED_SWIFT_STANDARD_LIBRARIES = YES;
				BUNDLE_LOADER = "$(TEST_HOST)";
				CODE_SIGN_STYLE = Automatic;
				CURRENT_PROJECT_VERSION = 1;
				GENERATE_INFOPLIST_FILE = YES;
				IPHONEOS_DEPLOYMENT_TARGET = 16.4;
				MACOSX_DEPLOYMENT_TARGET = 13.3;
				MARKETING_VERSION = 1.0;
				PRODUCT_BUNDLE_IDENTIFIER = com.NavigationStackTests;
				PRODUCT_NAME = "$(TARGET_NAME)";
				SDKROOT = auto;
				SUPPORTED_PLATFORMS = "iphoneos iphonesimulator macosx";
				SWIFT_EMIT_LOC_STRINGS = NO;
				SWIFT_VERSION = 5.0;
				TARGETED_DEVICE_FAMILY = "1,2";
				TEST_HOST = "$(BUILT_PRODUCTS_DIR)/NavigationStack.app/$(BUNDLE_EXECUTABLE_FOLDER_PATH)/NavigationStack";
			};
			name = Debug;
		};
		F4497D642A877E7B00F248D6 /* Release */ = {
			isa = XCBuildConfiguration;
			buildSettings = {
				ALWAYS_EMBED_SWIFT_STANDARD_LIBRARIES = YES;
				BUNDLE_LOADER = "$(TEST_HOST)";
				CODE_SIGN_STYLE = Automatic;
				CURRENT_PROJECT_VERSION = 1;
				GENERATE_INFOPLIST_FILE = YES;
				IPHONEOS_DEPLOYMENT_TARGET = 16.4;
				MACOSX_DEPLOYMENT_TARGET = 13.3;
				MARKETING_VERSION = 1.0;
				PRODUCT_BUNDLE_IDENTIFIER = com.NavigationStackTests;
				PRODUCT_NAME = "$(TARGET_NAME)";
				SDKROOT = auto;
				SUPPORTED_PLATFORMS = "iphoneos iphonesimulator macosx";
				SWIFT_EMIT_LOC_STRINGS = NO;
				SWIFT_VERSION = 5.0;
				TARGETED_DEVICE_FAMILY = "1,2";
				TEST_HOST = "$(BUILT_PRODUCTS_DIR)/NavigationStack.app/$(BUNDLE_EXECUTABLE_FOLDER_PATH)/NavigationStack";
			};
			name = Release;
		};
		F4497D662A877E7B00F248D6 /* Debug */ = {
			isa = XCBuildConfiguration;
			buildSettings = {
				ALWAYS_EMBED_SWIFT_STANDARD_LIBRARIES = YES;
				CODE_SIGN_STYLE = Automatic;
				CURRENT_PROJECT_VERSION = 1;
				GENERATE_INFOPLIST_FILE = YES;
				IPHONEOS_DEPLOYMENT_TARGET = 16.4;
				MACOSX_DEPLOYMENT_TARGET = 13.3;
				MARKETING_VERSION = 1.0;
				PRODUCT_BUNDLE_IDENTIFIER = com.NavigationStackUITests;
				PRODUCT_NAME = "$(TARGET_NAME)";
				SDKROOT = auto;
				SUPPORTED_PLATFORMS = "iphoneos iphonesimulator macosx";
				SWIFT_EMIT_LOC_STRINGS = NO;
				SWIFT_VERSION = 5.0;
				TARGETED_DEVICE_FAMILY = "1,2";
				TEST_TARGET_NAME = NavigationStack;
			};
			name = Debug;
		};
		F4497D672A877E7B00F248D6 /* Release */ = {
			isa = XCBuildConfiguration;
			buildSettings = {
				ALWAYS_EMBED_SWIFT_STANDARD_LIBRARIES = YES;
				CODE_SIGN_STYLE = Automatic;
				CURRENT_PROJECT_VERSION = 1;
				GENERATE_INFOPLIST_FILE = YES;
				IPHONEOS_DEPLOYMENT_TARGET = 16.4;
				MACOSX_DEPLOYMENT_TARGET = 13.3;
				MARKETING_VERSION = 1.0;
				PRODUCT_BUNDLE_IDENTIFIER = com.NavigationStackUITests;
				PRODUCT_NAME = "$(TARGET_NAME)";
				SDKROOT = auto;
				SUPPORTED_PLATFORMS = "iphoneos iphonesimulator macosx";
				SWIFT_EMIT_LOC_STRINGS = NO;
				SWIFT_VERSION = 5.0;
				TARGETED_DEVICE_FAMILY = "1,2";
				TEST_TARGET_NAME = NavigationStack;
			};
			name = Release;
		};
/* End XCBuildConfiguration section */

/* Begin XCConfigurationList section */
		F4497D352A877E7A00F248D6 /* Build configuration list for PBXProject "NavigationStack" */ = {
			isa = XCConfigurationList;
			buildConfigurations = (
				F4497D5D2A877E7B00F248D6 /* Debug */,
				F4497D5E2A877E7B00F248D6 /* Release */,
			);
			defaultConfigurationIsVisible = 0;
			defaultConfigurationName = Release;
		};
		F4497D5F2A877E7B00F248D6 /* Build configuration list for PBXNativeTarget "NavigationStack" */ = {
			isa = XCConfigurationList;
			buildConfigurations = (
				F4497D602A877E7B00F248D6 /* Debug */,
				F4497D612A877E7B00F248D6 /* Release */,
			);
			defaultConfigurationIsVisible = 0;
			defaultConfigurationName = Release;
		};
		F4497D622A877E7B00F248D6 /* Build configuration list for PBXNativeTarget "NavigationStackTests" */ = {
			isa = XCConfigurationList;
			buildConfigurations = (
				F4497D632A877E7B00F248D6 /* Debug */,
				F4497D642A877E7B00F248D6 /* Release */,
			);
			defaultConfigurationIsVisible = 0;
			defaultConfigurationName = Release;
		};
		F4497D652A877E7B00F248D6 /* Build configuration list for PBXNativeTarget "NavigationStackUITests" */ = {
			isa = XCConfigurationList;
			buildConfigurations = (
				F4497D662A877E7B00F248D6 /* Debug */,
				F4497D672A877E7B00F248D6 /* Release */,
			);
			defaultConfigurationIsVisible = 0;
			defaultConfigurationName = Release;
		};
/* End XCConfigurationList section */
	};
	rootObject = F4497D322A877E7A00F248D6 /* Project object */;
}
